{
	"name": "retold-example-todo-console-client",
	"version": "1.0.0",
	"lockfileVersion": 3,
	"requires": true,
	"packages": {
		"": {
			"name": "retold-example-todo-console-client",
			"version": "1.0.0",
			"dependencies": {
				"blessed": "^0.1.81",
				"fable": "^3.0.232",
				"pict": "^1.0.343",
				"pict-application": "^1.0.28",
				"pict-terminalui": "^0.0.1",
				"pict-view": "^1.0.64"
			}
		},
		"node_modules/async.eachlimit": {
			"version": "0.5.2",
			"resolved": "https://registry.npmjs.org/async.eachlimit/-/async.eachlimit-0.5.2.tgz",
			"integrity": "sha512-emWKSFjCbXnrCJfM2NBMyriJQrdem+LrchiMQtCavBQnJ80N2C7IBhUz8vXnjYYh+aAkY0zZSofNxVYJMTDMIw==",
			"license": "MIT",
			"dependencies": {
				"async.util.eachoflimit": "0.5.2",
				"async.util.withoutindex": "0.5.2"
			}
		},
		"node_modules/async.iterator": {
			"version": "0.5.2",
			"resolved": "https://registry.npmjs.org/async.iterator/-/async.iterator-0.5.2.tgz",
			"integrity": "sha512-Ryg+D9tPYvcHbI3HknGfd6cgQaevwv/9lBpa3KbFrNWDcpsvc4BbpQLGpvaLNCJXM0Uzty/GDKuI2XktiIe0Ng==",
			"license": "MIT"
		},
		"node_modules/async.util.eachoflimit": {
			"version": "0.5.2",
			"resolved": "https://registry.npmjs.org/async.util.eachoflimit/-/async.util.eachoflimit-0.5.2.tgz",
			"integrity": "sha512-oZksH0sBW0AEOJKgBCQ79io9DZruoRBLTAea/Ik36pejR7pDpByvtXeuJsoZdPwSVslsrQcsUfucbUaiXYBnAQ==",
			"license": "MIT",
			"dependencies": {
				"async.util.keyiterator": "0.5.2",
				"async.util.noop": "0.5.2",
				"async.util.once": "0.5.2",
				"async.util.onlyonce": "0.5.2"
			}
		},
		"node_modules/async.util.ensureasync": {
			"version": "0.5.2",
			"resolved": "https://registry.npmjs.org/async.util.ensureasync/-/async.util.ensureasync-0.5.2.tgz",
			"integrity": "sha512-sQufNz4JYLHO/7ZUklaTGJtiX36gCp28McNNcMZfVYPm/wqi1pKk4xRCPr2DOZDM6KfA54zjG36jQjBU2mLzXg==",
			"license": "MIT",
			"dependencies": {
				"async.util.restparam": "0.5.2",
				"async.util.setimmediate": "0.5.2"
			}
		},
		"node_modules/async.util.isarray": {
			"version": "0.5.2",
			"resolved": "https://registry.npmjs.org/async.util.isarray/-/async.util.isarray-0.5.2.tgz",
			"integrity": "sha512-wbUzlrwON8RUgi+v/rhF0U99Ce8Osjcn+JP/mFNg6ymvShcobAOvE6cvLajSY5dPqKCOE1xfdhefgBif11zZgw==",
			"license": "MIT"
		},
		"node_modules/async.util.isarraylike": {
			"version": "0.5.2",
			"resolved": "https://registry.npmjs.org/async.util.isarraylike/-/async.util.isarraylike-0.5.2.tgz",
			"integrity": "sha512-DbFpsz3ZFNkohAW8IpGTlm8gotU32zpqe3Y2XkEA/G3XNO6rmUTKPpo7XgXUruoI+AsGi8+0zWpJHe7t1sLiAg==",
			"license": "MIT",
			"dependencies": {
				"async.util.isarray": "0.5.2"
			}
		},
		"node_modules/async.util.keyiterator": {
			"version": "0.5.2",
			"resolved": "https://registry.npmjs.org/async.util.keyiterator/-/async.util.keyiterator-0.5.2.tgz",
			"integrity": "sha512-cktrETawCwgu13y3KZs2uMGFnNHc+IjKPZsavtRaoCjLELkePb2co4zrr+ghPvEqLXZIJPTKqC2HFZgJTssMVw==",
			"license": "MIT",
			"dependencies": {
				"async.util.isarraylike": "0.5.2",
				"async.util.keys": "0.5.2"
			}
		},
		"node_modules/async.util.keys": {
			"version": "0.5.2",
			"resolved": "https://registry.npmjs.org/async.util.keys/-/async.util.keys-0.5.2.tgz",
			"integrity": "sha512-umCOCRCRYwIC2Ho3fbuhKwIIe7OhQsVoVKGoF5GoQiGJUmjP4TG0Bmmcdpm7yW/znoIGKpnjKzVQz0niH4tfqw==",
			"license": "MIT"
		},
		"node_modules/async.util.noop": {
			"version": "0.5.2",
			"resolved": "https://registry.npmjs.org/async.util.noop/-/async.util.noop-0.5.2.tgz",
			"integrity": "sha512-AdwShXwE0KoskgqVJAck8zcM32nIHj3AC8ZN62ZaR5srhrY235Nw18vOJZWxcOfhxdVM0hRVKM8kMx7lcl7cCQ==",
			"license": "MIT"
		},
		"node_modules/async.util.once": {
			"version": "0.5.2",
			"resolved": "https://registry.npmjs.org/async.util.once/-/async.util.once-0.5.2.tgz",
			"integrity": "sha512-YQ5WPzDTt2jlblUDkq2I5RV/KiAJErJ4/0cEFhYPaZzqIuF/xDzdGvnEKe7UeuoMszsVPeajzcpKgkbwdb9MUA==",
			"license": "MIT"
		},
		"node_modules/async.util.onlyonce": {
			"version": "0.5.2",
			"resolved": "https://registry.npmjs.org/async.util.onlyonce/-/async.util.onlyonce-0.5.2.tgz",
			"integrity": "sha512-UgQvkU9JZ+I0Cm1f56XyGXcII+J3d/5XWUuHpcevlItuA3WFSJcqZrsyAUck2FkRSD8BwYQX1zUTDp3SJMVESg==",
			"license": "MIT"
		},
		"node_modules/async.util.restparam": {
			"version": "0.5.2",
			"resolved": "https://registry.npmjs.org/async.util.restparam/-/async.util.restparam-0.5.2.tgz",
			"integrity": "sha512-Q9Z+zgmtMxFX5i7CnBvNOkgrL5hptztCqwarQluyNudUUk4iCmyjmsQl8MuQEjNh3gGqP5ayvDaextL1VXXgIg==",
			"license": "MIT"
		},
		"node_modules/async.util.setimmediate": {
			"version": "0.5.2",
			"resolved": "https://registry.npmjs.org/async.util.setimmediate/-/async.util.setimmediate-0.5.2.tgz",
			"integrity": "sha512-aCYF85ZFCQ9Xn0106GcOVx+LvFguIIzfbfRTOlQoie3G4KeSjURfA6f7CfpFAF09FNP2A1MtdjeFdvYeTGDebw==",
			"license": "MIT"
		},
		"node_modules/async.util.withoutindex": {
			"version": "0.5.2",
			"resolved": "https://registry.npmjs.org/async.util.withoutindex/-/async.util.withoutindex-0.5.2.tgz",
			"integrity": "sha512-CTHbQc+1kHkK6izoXIVIiYjePgmAzvXecETn/eVuzhwL9BDC3oFLNiIrr57fKwyarZyy8PedVIpQNrqgA9KzNA==",
			"license": "MIT"
		},
		"node_modules/async.waterfall": {
			"version": "0.5.2",
			"resolved": "https://registry.npmjs.org/async.waterfall/-/async.waterfall-0.5.2.tgz",
			"integrity": "sha512-3eC5jwgBF0/CNTAwBQYCMybqd6ResDwsdyl3+i5qf1L7fYekVR5gbMzpBca7VoZj1W0BFsHcvjW3UeJstEt2kQ==",
			"license": "MIT",
			"dependencies": {
				"async.iterator": "0.5.2",
				"async.util.ensureasync": "0.5.2",
				"async.util.isarray": "0.5.2",
				"async.util.noop": "0.5.2",
				"async.util.once": "0.5.2",
				"async.util.restparam": "0.5.2"
			}
		},
		"node_modules/big.js": {
			"version": "7.0.1",
			"resolved": "https://registry.npmjs.org/big.js/-/big.js-7.0.1.tgz",
			"integrity": "sha512-iFgV784tD8kq4ccF1xtNMZnXeZzVuXWWM+ERFzKQjv+A5G9HC8CY3DuV45vgzFFcW+u2tIvmF95+AzWgs6BjCg==",
			"license": "MIT",
			"engines": {
				"node": "*"
			},
			"funding": {
				"type": "opencollective",
				"url": "https://opencollective.com/bigjs"
			}
		},
		"node_modules/blessed": {
			"version": "0.1.81",
			"resolved": "https://registry.npmjs.org/blessed/-/blessed-0.1.81.tgz",
			"integrity": "sha512-LoF5gae+hlmfORcG1M5+5XZi4LBmvlXTzwJWzUlPryN/SJdSflZvROM2TwkT0GMpq7oqT48NRd4GS7BiVBc5OQ==",
			"license": "MIT",
			"bin": {
				"blessed": "bin/tput.js"
			},
			"engines": {
				"node": ">= 0.8.0"
			}
		},
		"node_modules/cachetrax": {
			"version": "1.0.4",
			"resolved": "https://registry.npmjs.org/cachetrax/-/cachetrax-1.0.4.tgz",
			"integrity": "sha512-VoqtXp+tEdcbmiR0eJcdERsaBKhmdeVjpZ2jeVadDq25iM7hvZAFu+BCKMHitWzpkgb/Dw4RAouQBGnXbADPBg==",
			"license": "MIT",
			"dependencies": {
				"fable-serviceproviderbase": "^3.0.7"
			}
		},
		"node_modules/cookie": {
			"version": "1.1.1",
			"resolved": "https://registry.npmjs.org/cookie/-/cookie-1.1.1.tgz",
			"integrity": "sha512-ei8Aos7ja0weRpFzJnEA9UHJ/7XQmqglbRwnf2ATjcB9Wq874VKH9kfjjirM6UhU2/E5fFYadylyhFldcqSidQ==",
			"license": "MIT",
			"engines": {
				"node": ">=18"
			},
			"funding": {
				"type": "opencollective",
				"url": "https://opencollective.com/express"
			}
		},
		"node_modules/data-arithmatic": {
			"version": "1.0.7",
			"resolved": "https://registry.npmjs.org/data-arithmatic/-/data-arithmatic-1.0.7.tgz",
			"integrity": "sha512-Z1SBuORrjrlCx9AAx2Cy4yBYrsqtKEz7BzdcLWLMT/t78q3N5/4qjA+63zeMYUAvp9EsIKfQ8X0++Ls9xwaLag==",
			"license": "MIT",
			"dependencies": {
				"fable-serviceproviderbase": "^3.0.2"
			}
		},
		"node_modules/dayjs": {
			"version": "1.11.19",
			"resolved": "https://registry.npmjs.org/dayjs/-/dayjs-1.11.19.tgz",
			"integrity": "sha512-t5EcLVS6QPBNqM2z8fakk/NKel+Xzshgt8FFKAn+qwlD1pzZWxh0nVCrvFK7ZDb6XucZeF9z8C7CBWTRIVApAw==",
			"license": "MIT"
		},
		"node_modules/decompress-response": {
			"version": "6.0.0",
			"resolved": "https://registry.npmjs.org/decompress-response/-/decompress-response-6.0.0.tgz",
			"integrity": "sha512-aW35yZM6Bb/4oJlZncMH2LCoZtJXTRxES17vE3hoRiowU2kWHaJKFkSBDnDR+cm9J+9QhXmREyIfv0pji9ejCQ==",
			"license": "MIT",
			"dependencies": {
				"mimic-response": "^3.1.0"
			},
			"engines": {
				"node": ">=10"
			},
			"funding": {
				"url": "https://github.com/sponsors/sindresorhus"
			}
		},
		"node_modules/fable": {
			"version": "3.1.53",
			"resolved": "https://registry.npmjs.org/fable/-/fable-3.1.53.tgz",
			"integrity": "sha512-2b7sWs1K3Bl9V8biZ5VSy36YvojanAAKvOZM7hGMg+opLLt/Pk/lIEvucz4m16Vz+C3UDLWf7WKJqdBoEj8A1w==",
			"license": "MIT",
			"dependencies": {
				"async.eachlimit": "^0.5.2",
				"async.waterfall": "^0.5.2",
				"big.js": "^7.0.1",
				"cachetrax": "^1.0.4",
				"cookie": "^1.0.2",
				"data-arithmatic": "^1.0.7",
				"dayjs": "^1.11.19",
				"fable-log": "^3.0.16",
				"fable-serviceproviderbase": "^3.0.16",
				"fable-settings": "^3.0.12",
				"fable-uuid": "^3.0.11",
				"manyfest": "^1.0.43",
				"simple-get": "^4.0.1"
			}
		},
		"node_modules/fable-log": {
			"version": "3.0.16",
			"resolved": "https://registry.npmjs.org/fable-log/-/fable-log-3.0.16.tgz",
			"integrity": "sha512-o9/eIdak/iDy8Cc+Q8NeYUf7AwqYZvr3EaeeGmVd6X7+Ao/c1y5u9x5I54WZmwcYcySukmf2BEiQvS/itoliVw==",
			"license": "MIT",
			"dependencies": {
				"fable-serviceproviderbase": "^3.0.15"
			}
		},
		"node_modules/fable-serviceproviderbase": {
			"version": "3.0.17",
			"resolved": "https://registry.npmjs.org/fable-serviceproviderbase/-/fable-serviceproviderbase-3.0.17.tgz",
			"integrity": "sha512-jT2OqeFQMbGFG3NLMoyBeGpIZ3M+wze3muqrXwndzuX11G4Ou/Mojlv3z06OZQG/VWp4tFjwqqRYbSLWE7KhUw==",
			"license": "MIT"
		},
		"node_modules/fable-settings": {
			"version": "3.0.14",
			"resolved": "https://registry.npmjs.org/fable-settings/-/fable-settings-3.0.14.tgz",
			"integrity": "sha512-hCdu7pkqko4h68MZbrau4/TljWfgJD1kstm3uyJT46vjzx/HRNSwJlggFDHld6pBCf00+wks26VdGolDEfdWvg==",
			"license": "MIT",
			"dependencies": {
				"fable-serviceproviderbase": "^3.0.17",
				"precedent": "^1.0.15"
			}
		},
		"node_modules/fable-uuid": {
			"version": "3.0.11",
			"resolved": "https://registry.npmjs.org/fable-uuid/-/fable-uuid-3.0.11.tgz",
			"integrity": "sha512-ZNFmcc2HI16J6rqiLfkShzzNgeHjbInM0Ur70tAgXlQm/jWqIpU3OFAyTesrz4dVQ5+wCxjp7PQadF7YJ0hNIw==",
			"license": "MIT",
			"dependencies": {
				"fable-serviceproviderbase": "^3.0.15"
			}
		},
		"node_modules/manyfest": {
			"version": "1.0.44",
			"resolved": "https://registry.npmjs.org/manyfest/-/manyfest-1.0.44.tgz",
			"integrity": "sha512-8sI1zQ5lysMW879Lb5VtksmpOy4M2vZIl2IjIzMo5lOWu1MmLZGX/MQxdBu0Klnf4fJwscainclMYs9/P3JXUQ==",
			"license": "MIT",
			"dependencies": {
				"fable-serviceproviderbase": "^3.0.15"
			}
		},
		"node_modules/mimic-response": {
			"version": "3.1.0",
			"resolved": "https://registry.npmjs.org/mimic-response/-/mimic-response-3.1.0.tgz",
			"integrity": "sha512-z0yWI+4FDrrweS8Zmt4Ej5HdJmky15+L2e6Wgn3+iK5fWzb6T3fhNFq2+MeTRb064c6Wr4N/wv0DzQTjNzHNGQ==",
			"license": "MIT",
			"engines": {
				"node": ">=10"
			},
			"funding": {
				"url": "https://github.com/sponsors/sindresorhus"
			}
		},
		"node_modules/once": {
			"version": "1.4.0",
			"resolved": "https://registry.npmjs.org/once/-/once-1.4.0.tgz",
			"integrity": "sha512-lNaJgI+2Q5URQBkccEKHTQOPaXdUxnZZElQTZY0MFUAuaEqe1E+Nyvgdz/aIyNi6Z9MzO5dv1H8n58/GELp3+w==",
			"license": "ISC",
			"dependencies": {
				"wrappy": "1"
			}
		},
		"node_modules/pict": {
			"version": "1.0.345",
			"resolved": "https://registry.npmjs.org/pict/-/pict-1.0.345.tgz",
			"integrity": "sha512-Z2LJ/upbsDRgDCXlGyLrhII4WAX1rrXqTwHwuj35mcOQPyh+PYled7ePlr1Mkg3uhGLvqDKbaIn/7vWONDNrQA==",
			"license": "MIT",
			"dependencies": {
				"cachetrax": "^1.0.4",
				"fable": "^3.1.53",
				"pict-application": "^1.0.30",
				"pict-provider": "^1.0.7",
				"pict-template": "^1.0.13",
				"pict-view": "^1.0.64"
			}
		},
		"node_modules/pict-application": {
			"version": "1.0.30",
			"resolved": "https://registry.npmjs.org/pict-application/-/pict-application-1.0.30.tgz",
			"integrity": "sha512-KkwiI4yB16n5QiZPEOJjdqPBEJ4ymXDFI4fCZMlH24mR0VuptUS2IY5F2/PnXSsyquaC7glEBUP+0pvuMyW/tw==",
			"license": "MIT",
			"dependencies": {
				"fable-serviceproviderbase": "^3.0.15"
			}
		},
		"node_modules/pict-provider": {
			"version": "1.0.9",
			"resolved": "https://registry.npmjs.org/pict-provider/-/pict-provider-1.0.9.tgz",
			"integrity": "sha512-J/RLp4eDVUL/p7p3DmVubZlwUjoSM98N5a9Y+2jPcCaUm//MBLjFrRDrSSg5KRSRyshgW0TetS4dCIbzbRRPAw==",
			"license": "MIT",
			"dependencies": {
				"fable-serviceproviderbase": "^3.0.16"
			}
		},
		"node_modules/pict-template": {
			"version": "1.0.13",
			"resolved": "https://registry.npmjs.org/pict-template/-/pict-template-1.0.13.tgz",
			"integrity": "sha512-mebJJac7QGniMhmMeaJpoO9n3KnCd6VLlG93LKpt00X4SMh+XjnzWAcBKsERwpJ6qkgz25gE8DJ7h76/qNrTKQ==",
			"license": "MIT",
			"dependencies": {
				"fable-serviceproviderbase": "^3.0.15"
			}
		},
		"node_modules/pict-terminalui": {
			"version": "0.0.1",
			"resolved": "https://registry.npmjs.org/pict-terminalui/-/pict-terminalui-0.0.1.tgz",
			"integrity": "sha512-85Jlbhixz7N55eCud3+C2eJGS4EsLvqARD+GPMSq2+DiGH3Rjw5nZRtNVAVNryaviSKD3FUPImk3KJahTZXkog==",
			"license": "MIT",
			"dependencies": {
				"blessed": "^0.1.81",
				"fable": "^3.0.232",
				"fable-serviceproviderbase": "^3.0.16",
				"pict": "^1.0.343",
				"pict-application": "^1.0.28",
				"pict-view": "^1.0.64"
			}
		},
		"node_modules/pict-view": {
			"version": "1.0.64",
			"resolved": "https://registry.npmjs.org/pict-view/-/pict-view-1.0.64.tgz",
			"integrity": "sha512-Azhw1t1SAsQ/dbd0ZYeheeTIVWwp+bPJb5kg6+KNzYGL4WDu/HwhSvBpUJVAArdfzxuuk3wnuuIrWtF6pDC2xQ==",
			"license": "MIT",
			"dependencies": {
				"fable": "^3.1.46",
				"fable-serviceproviderbase": "^3.0.15"
			}
		},
		"node_modules/precedent": {
			"version": "1.0.15",
			"resolved": "https://registry.npmjs.org/precedent/-/precedent-1.0.15.tgz",
			"integrity": "sha512-tidXY4JvTudvJ/Jmb8OzHFpX6qUSPwmS7K/BChA7xDb7eqmfHjH3AAO+IhCz3k7k+bh31YNdblSIEkYnCIYelw==",
			"license": "MIT",
			"bin": {
				"precedent": "bin/Precedent"
			}
		},
		"node_modules/simple-concat": {
			"version": "1.0.1",
			"resolved": "https://registry.npmjs.org/simple-concat/-/simple-concat-1.0.1.tgz",
			"integrity": "sha512-cSFtAPtRhljv69IK0hTVZQ+OfE9nePi/rtJmw5UjHeVyVroEqJXP1sFztKUy1qU+xvz3u/sfYJLa947b7nAN2Q==",
			"funding": [
				{
					"type": "github",
					"url": "https://github.com/sponsors/feross"
				},
				{
					"type": "patreon",
					"url": "https://www.patreon.com/feross"
				},
				{
					"type": "consulting",
					"url": "https://feross.org/support"
				}
			],
			"license": "MIT"
		},
		"node_modules/simple-get": {
			"version": "4.0.1",
			"resolved": "https://registry.npmjs.org/simple-get/-/simple-get-4.0.1.tgz",
			"integrity": "sha512-brv7p5WgH0jmQJr1ZDDfKDOSeWWg+OVypG99A/5vYGPqJ6pxiaHLy8nxtFjBA7oMa01ebA9gfh1uMCFqOuXxvA==",
			"funding": [
				{
					"type": "github",
					"url": "https://github.com/sponsors/feross"
				},
				{
					"type": "patreon",
					"url": "https://www.patreon.com/feross"
				},
				{
					"type": "consulting",
					"url": "https://feross.org/support"
				}
			],
			"license": "MIT",
			"dependencies": {
				"decompress-response": "^6.0.0",
				"once": "^1.3.1",
				"simple-concat": "^1.0.0"
			}
		},
		"node_modules/wrappy": {
			"version": "1.0.2",
			"resolved": "https://registry.npmjs.org/wrappy/-/wrappy-1.0.2.tgz",
			"integrity": "sha512-l4Sp/DRseor9wL6EvV2+TuQn63dMkPjZ/sp9XkghTEbV9KlPS1xUsZ3u7/IQO4wxtcFB4bgpQPRcR3QCvezPcQ==",
			"license": "ISC"
		}
	}
}
